
Microsoft Visual Studio Solution File, Format Version 12.00
# Visual Studio Version 16
VisualStudioVersion = 16.0.31112.23
MinimumVisualStudioVersion = 10.0.40219.1
Project("{FAE04EC0-301F-11D3-BF4B-00C04F79EFBC}") = "ULProject", "ULProject\ULProject\ULProject.csproj", "{5F7E3B99-A119-4512-8AF1-46493176DE99}"
EndProject
Project("{FAE04EC0-301F-11D3-BF4B-00C04F79EFBC}") = "ULProject.Android", "ULProject\ULProject.Android\ULProject.Android.csproj", "{CBBDEF7E-D753-43C4-BC26-C57D1DAF6CC0}"
EndProject
Project("{FAE04EC0-301F-11D3-BF4B-00C04F79EFBC}") = "ULProject.iOS", "ULProject\ULProject.iOS\ULProject.iOS.csproj", "{B6604C89-9B02-4725-88B2-88519B062786}"
EndProject
Global
	GlobalSection(SolutionConfigurationPlatforms) = preSolution
		Ad-Hoc|Any CPU = Ad-Hoc|Any CPU
		Ad-Hoc|iPhone = Ad-Hoc|iPhone
		Ad-Hoc|iPhoneSimulator = Ad-Hoc|iPhoneSimulator
		AppStore|Any CPU = AppStore|Any CPU
		AppStore|iPhone = AppStore|iPhone
		AppStore|iPhoneSimulator = AppStore|iPhoneSimulator
		Debug|Any CPU = Debug|Any CPU
		Debug|iPhone = Debug|iPhone
		Debug|iPhoneSimulator = Debug|iPhoneSimulator
		Release|Any CPU = Release|Any CPU
		Release|iPhone = Release|iPhone
		Release|iPhoneSimulator = Release|iPhoneSimulator
	EndGlobalSection
	GlobalSection(ProjectConfigurationPlatforms) = postSolution
		{5F7E3B99-A119-4512-8AF1-46493176DE99}.Ad-Hoc|Any CPU.ActiveCfg = Debug|Any CPU
		{5F7E3B99-A119-4512-8AF1-46493176DE99}.Ad-Hoc|Any CPU.Build.0 = Debug|Any CPU
		{5F7E3B99-A119-4512-8AF1-46493176DE99}.Ad-Hoc|iPhone.ActiveCfg = Debug|Any CPU
		{5F7E3B99-A119-4512-8AF1-46493176DE99}.Ad-Hoc|iPhone.Build.0 = Debug|Any CPU
		{5F7E3B99-A119-4512-8AF1-46493176DE99}.Ad-Hoc|iPhoneSimulator.ActiveCfg = Debug|Any CPU
		{5F7E3B99-A119-4512-8AF1-46493176DE99}.Ad-Hoc|iPhoneSimulator.Build.0 = Debug|Any CPU
		{5F7E3B99-A119-4512-8AF1-46493176DE99}.AppStore|Any CPU.ActiveCfg = Debug|Any CPU
		{5F7E3B99-A119-4512-8AF1-46493176DE99}.AppStore|Any CPU.Build.0 = Debug|Any CPU
		{5F7E3B99-A119-4512-8AF1-46493176DE99}.AppStore|iPhone.ActiveCfg = Debug|Any CPU
		{5F7E3B99-A119-4512-8AF1-46493176DE99}.AppStore|iPhone.Build.0 = Debug|Any CPU
		{5F7E3B99-A119-4512-8AF1-46493176DE99}.AppStore|iPhoneSimulator.ActiveCfg = Debug|Any CPU
		{5F7E3B99-A119-4512-8AF1-46493176DE99}.AppStore|iPhoneSimulator.Build.0 = Debug|Any CPU
		{5F7E3B99-A119-4512-8AF1-46493176DE99}.Debug|Any CPU.ActiveCfg = Debug|Any CPU
		{5F7E3B99-A119-4512-8AF1-46493176DE99}.Debug|Any CPU.Build.0 = Debug|Any CPU
		{5F7E3B99-A119-4512-8AF1-46493176DE99}.Debug|iPhone.ActiveCfg = Debug|Any CPU
		{5F7E3B99-A119-4512-8AF1-46493176DE99}.Debug|iPhone.Build.0 = Debug|Any CPU
		{5F7E3B99-A119-4512-8AF1-46493176DE99}.Debug|iPhoneSimulator.ActiveCfg = Debug|Any CPU
		{5F7E3B99-A119-4512-8AF1-46493176DE99}.Debug|iPhoneSimulator.Build.0 = Debug|Any CPU
		{5F7E3B99-A119-4512-8AF1-46493176DE99}.Release|Any CPU.ActiveCfg = Release|Any CPU
		{5F7E3B99-A119-4512-8AF1-46493176DE99}.Release|Any CPU.Build.0 = Release|Any CPU
		{5F7E3B99-A119-4512-8AF1-46493176DE99}.Release|iPhone.ActiveCfg = Release|Any CPU
		{5F7E3B99-A119-4512-8AF1-46493176DE99}.Release|iPhone.Build.0 = Release|Any CPU
		{5F7E3B99-A119-4512-8AF1-46493176DE99}.Release|iPhoneSimulator.ActiveCfg = Release|Any CPU
		{5F7E3B99-A119-4512-8AF1-46493176DE99}.Release|iPhoneSimulator.Build.0 = Release|Any CPU
		{CBBDEF7E-D753-43C4-BC26-C57D1DAF6CC0}.Ad-Hoc|Any CPU.ActiveCfg = Debug|Any CPU
		{CBBDEF7E-D753-43C4-BC26-C57D1DAF6CC0}.Ad-Hoc|Any CPU.Build.0 = Debug|Any CPU
		{CBBDEF7E-D753-43C4-BC26-C57D1DAF6CC0}.Ad-Hoc|Any CPU.Deploy.0 = Debug|Any CPU
		{CBBDEF7E-D753-43C4-BC26-C57D1DAF6CC0}.Ad-Hoc|iPhone.ActiveCfg = Debug|Any CPU
		{CBBDEF7E-D753-43C4-BC26-C57D1DAF6CC0}.Ad-Hoc|iPhone.Build.0 = Debug|Any CPU
		{CBBDEF7E-D753-43C4-BC26-C57D1DAF6CC0}.Ad-Hoc|iPhone.Deploy.0 = Debug|Any CPU
		{CBBDEF7E-D753-43C4-BC26-C57D1DAF6CC0}.Ad-Hoc|iPhoneSimulator.ActiveCfg = Debug|Any CPU
		{CBBDEF7E-D753-43C4-BC26-C57D1DAF6CC0}.Ad-Hoc|iPhoneSimulator.Build.0 = Debug|Any CPU
		{CBBDEF7E-D753-43C4-BC26-C57D1DAF6CC0}.Ad-Hoc|iPhoneSimulator.Deploy.0 = Debug|Any CPU
		{CBBDEF7E-D753-43C4-BC26-C57D1DAF6CC0}.AppStore|Any CPU.ActiveCfg = Debug|Any CPU
		{CBBDEF7E-D753-43C4-BC26-C57D1DAF6CC0}.AppStore|Any CPU.Build.0 = Debug|Any CPU
		{CBBDEF7E-D753-43C4-BC26-C57D1DAF6CC0}.AppStore|Any CPU.Deploy.0 = Debug|Any CPU
		{CBBDEF7E-D753-43C4-BC26-C57D1DAF6CC0}.AppStore|iPhone.ActiveCfg = Debug|Any CPU
		{CBBDEF7E-D753-43C4-BC26-C57D1DAF6CC0}.AppStore|iPhone.Build.0 = Debug|Any CPU
		{CBBDEF7E-D753-43C4-BC26-C57D1DAF6CC0}.AppStore|iPhone.Deploy.0 = Debug|Any CPU
		{CBBDEF7E-D753-43C4-BC26-C57D1DAF6CC0}.AppStore|iPhoneSimulator.ActiveCfg = Debug|Any CPU
		{CBBDEF7E-D753-43C4-BC26-C57D1DAF6CC0}.AppStore|iPhoneSimulator.Build.0 = Debug|Any CPU
		{CBBDEF7E-D753-43C4-BC26-C57D1DAF6CC0}.AppStore|iPhoneSimulator.Deploy.0 = Debug|Any CPU
		{CBBDEF7E-D753-43C4-BC26-C57D1DAF6CC0}.Debug|Any CPU.ActiveCfg = Debug|Any CPU
		{CBBDEF7E-D753-43C4-BC26-C57D1DAF6CC0}.Debug|Any CPU.Build.0 = Debug|Any CPU
		{CBBDEF7E-D753-43C4-BC26-C57D1DAF6CC0}.Debug|Any CPU.Deploy.0 = Debug|Any CPU
		{CBBDEF7E-D753-43C4-BC26-C57D1DAF6CC0}.Debug|iPhone.ActiveCfg = Debug|Any CPU
		{CBBDEF7E-D753-43C4-BC26-C57D1DAF6CC0}.Debug|iPhone.Build.0 = Debug|Any CPU
		{CBBDEF7E-D753-43C4-BC26-C57D1DAF6CC0}.Debug|iPhone.Deploy.0 = Debug|Any CPU
		{CBBDEF7E-D753-43C4-BC26-C57D1DAF6CC0}.Debug|iPhoneSimulator.ActiveCfg = Debug|Any CPU
		{CBBDEF7E-D753-43C4-BC26-C57D1DAF6CC0}.Debug|iPhoneSimulator.Build.0 = Debug|Any CPU
		{CBBDEF7E-D753-43C4-BC26-C57D1DAF6CC0}.Debug|iPhoneSimulator.Deploy.0 = Debug|Any CPU
		{CBBDEF7E-D753-43C4-BC26-C57D1DAF6CC0}.Release|Any CPU.ActiveCfg = Release|Any CPU
		{CBBDEF7E-D753-43C4-BC26-C57D1DAF6CC0}.Release|Any CPU.Build.0 = Release|Any CPU
		{CBBDEF7E-D753-43C4-BC26-C57D1DAF6CC0}.Release|Any CPU.Deploy.0 = Release|Any CPU
		{CBBDEF7E-D753-43C4-BC26-C57D1DAF6CC0}.Release|iPhone.ActiveCfg = Release|Any CPU
		{CBBDEF7E-D753-43C4-BC26-C57D1DAF6CC0}.Release|iPhone.Build.0 = Release|Any CPU
		{CBBDEF7E-D753-43C4-BC26-C57D1DAF6CC0}.Release|iPhone.Deploy.0 = Release|Any CPU
		{CBBDEF7E-D753-43C4-BC26-C57D1DAF6CC0}.Release|iPhoneSimulator.ActiveCfg = Release|Any CPU
		{CBBDEF7E-D753-43C4-BC26-C57D1DAF6CC0}.Release|iPhoneSimulator.Build.0 = Release|Any CPU
		{CBBDEF7E-D753-43C4-BC26-C57D1DAF6CC0}.Release|iPhoneSimulator.Deploy.0 = Release|Any CPU
		{B6604C89-9B02-4725-88B2-88519B062786}.Ad-Hoc|Any CPU.ActiveCfg = Ad-Hoc|iPhoneSimulator
		{B6604C89-9B02-4725-88B2-88519B062786}.Ad-Hoc|iPhone.ActiveCfg = Ad-Hoc|iPhone
		{B6604C89-9B02-4725-88B2-88519B062786}.Ad-Hoc|iPhone.Build.0 = Ad-Hoc|iPhone
		{B6604C89-9B02-4725-88B2-88519B062786}.Ad-Hoc|iPhoneSimulator.ActiveCfg = Ad-Hoc|iPhoneSimulator
		{B6604C89-9B02-4725-88B2-88519B062786}.Ad-Hoc|iPhoneSimulator.Build.0 = Ad-Hoc|iPhoneSimulator
		{B6604C89-9B02-4725-88B2-88519B062786}.AppStore|Any CPU.ActiveCfg = AppStore|iPhoneSimulator
		{B6604C89-9B02-4725-88B2-88519B062786}.AppStore|iPhone.ActiveCfg = AppStore|iPhone
		{B6604C89-9B02-4725-88B2-88519B062786}.AppStore|iPhone.Build.0 = AppStore|iPhone
		{B6604C89-9B02-4725-88B2-88519B062786}.AppStore|iPhoneSimulator.ActiveCfg = AppStore|iPhoneSimulator
		{B6604C89-9B02-4725-88B2-88519B062786}.AppStore|iPhoneSimulator.Build.0 = AppStore|iPhoneSimulator
		{B6604C89-9B02-4725-88B2-88519B062786}.Debug|Any CPU.ActiveCfg = Debug|iPhoneSimulator
		{B6604C89-9B02-4725-88B2-88519B062786}.Debug|iPhone.ActiveCfg = Debug|iPhone
		{B6604C89-9B02-4725-88B2-88519B062786}.Debug|iPhone.Build.0 = Debug|iPhone
		{B6604C89-9B02-4725-88B2-88519B062786}.Debug|iPhoneSimulator.ActiveCfg = Debug|iPhoneSimulator
		{B6604C89-9B02-4725-88B2-88519B062786}.Debug|iPhoneSimulator.Build.0 = Debug|iPhoneSimulator
		{B6604C89-9B02-4725-88B2-88519B062786}.Release|Any CPU.ActiveCfg = Release|iPhoneSimulator
		{B6604C89-9B02-4725-88B2-88519B062786}.Release|iPhone.ActiveCfg = Release|iPhone
		{B6604C89-9B02-4725-88B2-88519B062786}.Release|iPhone.Build.0 = Release|iPhone
		{B6604C89-9B02-4725-88B2-88519B062786}.Release|iPhoneSimulator.ActiveCfg = Release|iPhoneSimulator
		{B6604C89-9B02-4725-88B2-88519B062786}.Release|iPhoneSimulator.Build.0 = Release|iPhoneSimulator
	EndGlobalSection
	GlobalSection(SolutionProperties) = preSolution
		HideSolutionNode = FALSE
	EndGlobalSection
	GlobalSection(ExtensibilityGlobals) = postSolution
		SolutionGuid = {E6B03CE0-EA1A-405E-A4C8-5C03251E7509}
	EndGlobalSection
EndGlobal
